
Microsoft Visual Studio Solution File, Format Version 12.00
# Visual Studio 14
VisualStudioVersion = 14.0.25420.1
MinimumVisualStudioVersion = 10.0.40219.1
Project("{FAE04EC0-301F-11D3-BF4B-00C04F79EFBC}") = "ReactTemplate", "ReactTemplate\ReactTemplate.csproj", "{33ECABE9-A7A9-43BA-988B-3F300F76817E}"
EndProject
Project("{FAE04EC0-301F-11D3-BF4B-00C04F79EFBC}") = "Services", "Services\Services.csproj", "{40C9FD3D-3B48-4BA4-AD6F-CD4D56FA74FB}"
EndProject
Project("{FAE04EC0-301F-11D3-BF4B-00C04F79EFBC}") = "Models", "Models\Models.csproj", "{8300CB1C-E8E8-4051-9AA9-F406EB588C6E}"
EndProject
Global
	GlobalSection(SolutionConfigurationPlatforms) = preSolution
		Debug|Any CPU = Debug|Any CPU
		Release|Any CPU = Release|Any CPU
	EndGlobalSection
	GlobalSection(ProjectConfigurationPlatforms) = postSolution
		{33ECABE9-A7A9-43BA-988B-3F300F76817E}.Debug|Any CPU.ActiveCfg = Debug|Any CPU
		{33ECABE9-A7A9-43BA-988B-3F300F76817E}.Debug|Any CPU.Build.0 = Debug|Any CPU
		{33ECABE9-A7A9-43BA-988B-3F300F76817E}.Release|Any CPU.ActiveCfg = Release|Any CPU
		{33ECABE9-A7A9-43BA-988B-3F300F76817E}.Release|Any CPU.Build.0 = Release|Any CPU
		{40C9FD3D-3B48-4BA4-AD6F-CD4D56FA74FB}.Debug|Any CPU.ActiveCfg = Debug|Any CPU
		{40C9FD3D-3B48-4BA4-AD6F-CD4D56FA74FB}.Debug|Any CPU.Build.0 = Debug|Any CPU
		{40C9FD3D-3B48-4BA4-AD6F-CD4D56FA74FB}.Release|Any CPU.ActiveCfg = Release|Any CPU
		{40C9FD3D-3B48-4BA4-AD6F-CD4D56FA74FB}.Release|Any CPU.Build.0 = Release|Any CPU
		{8300CB1C-E8E8-4051-9AA9-F406EB588C6E}.Debug|Any CPU.ActiveCfg = Debug|Any CPU
		{8300CB1C-E8E8-4051-9AA9-F406EB588C6E}.Debug|Any CPU.Build.0 = Debug|Any CPU
		{8300CB1C-E8E8-4051-9AA9-F406EB588C6E}.Release|Any CPU.ActiveCfg = Release|Any CPU
		{8300CB1C-E8E8-4051-9AA9-F406EB588C6E}.Release|Any CPU.Build.0 = Release|Any CPU
	EndGlobalSection
	GlobalSection(SolutionProperties) = preSolution
		HideSolutionNode = FALSE
	EndGlobalSection
EndGlobal
